
Microsoft Visual Studio Solution File, Format Version 12.00
# Visual Studio 14
VisualStudioVersion = 14.0.23107.0
MinimumVisualStudioVersion = 10.0.40219.1
Project("{FAE04EC0-301F-11D3-BF4B-00C04F79EFBC}") = "DependencyInjectionContainer", "DependencyInjectionContainer\DependencyInjectionContainer.csproj", "{006A90EE-4BAC-473B-894D-B527086F6BA9}"
EndProject
Project("{FAE04EC0-301F-11D3-BF4B-00C04F79EFBC}") = "DependencyInjectionContainerUnitTests", "DependencyInjectionContainerUnitTests\DependencyInjectionContainerUnitTests.csproj", "{B7756EB8-21F1-4B10-AB99-1279CF32868B}"
EndProject
Global
	GlobalSection(SolutionConfigurationPlatforms) = preSolution
		Debug|Any CPU = Debug|Any CPU
		Release|Any CPU = Release|Any CPU
	EndGlobalSection
	GlobalSection(ProjectConfigurationPlatforms) = postSolution
		{006A90EE-4BAC-473B-894D-B527086F6BA9}.Debug|Any CPU.ActiveCfg = Debug|Any CPU
		{006A90EE-4BAC-473B-894D-B527086F6BA9}.Debug|Any CPU.Build.0 = Debug|Any CPU
		{006A90EE-4BAC-473B-894D-B527086F6BA9}.Release|Any CPU.ActiveCfg = Release|Any CPU
		{006A90EE-4BAC-473B-894D-B527086F6BA9}.Release|Any CPU.Build.0 = Release|Any CPU
		{B7756EB8-21F1-4B10-AB99-1279CF32868B}.Debug|Any CPU.ActiveCfg = Debug|Any CPU
		{B7756EB8-21F1-4B10-AB99-1279CF32868B}.Debug|Any CPU.Build.0 = Debug|Any CPU
		{B7756EB8-21F1-4B10-AB99-1279CF32868B}.Release|Any CPU.ActiveCfg = Release|Any CPU
		{B7756EB8-21F1-4B10-AB99-1279CF32868B}.Release|Any CPU.Build.0 = Release|Any CPU
	EndGlobalSection
	GlobalSection(SolutionProperties) = preSolution
		HideSolutionNode = FALSE
	EndGlobalSection
EndGlobal
